
Microsoft Visual Studio Solution File, Format Version 12.00
# Visual Studio Version 16
VisualStudioVersion = 16.0.30114.105
MinimumVisualStudioVersion = 10.0.40219.1
Project("{2150E333-8FDC-42A3-9474-1A3956D46DE8}") = "Basic", "Basic", "{07A13821-533E-453D-8F35-826BE1DBE552}"
EndProject
Project("{2150E333-8FDC-42A3-9474-1A3956D46DE8}") = "WorkQueues", "WorkQueues", "{E4EEE905-DE0F-4E86-B09C-31203C6B4516}"
EndProject
Project("{FAE04EC0-301F-11D3-BF4B-00C04F79EFBC}") = "Send", "Basic\Send\Send.csproj", "{4460F8FF-6067-4287-A891-18FAF8B7E10B}"
EndProject
Project("{FAE04EC0-301F-11D3-BF4B-00C04F79EFBC}") = "Receive", "Basic\Receive\Receive.csproj", "{2AF73621-8F3D-49FA-BF01-4E096FB47D5A}"
EndProject
Project("{FAE04EC0-301F-11D3-BF4B-00C04F79EFBC}") = "NewTask", "WorkQueues\NewTask\NewTask.csproj", "{8D890596-179A-400B-89A7-BF3547313C17}"
EndProject
Project("{FAE04EC0-301F-11D3-BF4B-00C04F79EFBC}") = "Worker", "WorkQueues\Worker\Worker.csproj", "{99BF1F46-0DF4-444F-BE30-29325E447588}"
EndProject
Project("{2150E333-8FDC-42A3-9474-1A3956D46DE8}") = "PublishSubscribe", "PublishSubscribe", "{5E15762F-D432-40BE-8B33-EE459E9F0D2E}"
EndProject
Project("{FAE04EC0-301F-11D3-BF4B-00C04F79EFBC}") = "EmitLog", "PublishSubscribe\EmitLog\EmitLog.csproj", "{19AA6CFC-B2B4-4A2E-8674-F31F20CAF337}"
EndProject
Project("{FAE04EC0-301F-11D3-BF4B-00C04F79EFBC}") = "ReceiveLog", "PublishSubscribe\ReceiveLog\ReceiveLog.csproj", "{418529AD-0EBE-4C19-996B-C777DC99437A}"
EndProject
Project("{2150E333-8FDC-42A3-9474-1A3956D46DE8}") = "Routing", "Routing", "{1BA55B1B-31B8-4319-87F6-1E95EA1ED34C}"
EndProject
Project("{FAE04EC0-301F-11D3-BF4B-00C04F79EFBC}") = "EmitLog", "Routing\EmitLog\EmitLog.csproj", "{97AF8D7A-0293-4129-8DAB-DA118A7BA32E}"
EndProject
Project("{FAE04EC0-301F-11D3-BF4B-00C04F79EFBC}") = "ReceiveLog", "Routing\ReceiveLog\ReceiveLog.csproj", "{15831E47-BA7E-49D3-BF9B-BDBD8D3E2CE3}"
EndProject
Global
	GlobalSection(SolutionConfigurationPlatforms) = preSolution
		Debug|Any CPU = Debug|Any CPU
		Release|Any CPU = Release|Any CPU
	EndGlobalSection
	GlobalSection(SolutionProperties) = preSolution
		HideSolutionNode = FALSE
	EndGlobalSection
	GlobalSection(ProjectConfigurationPlatforms) = postSolution
		{4460F8FF-6067-4287-A891-18FAF8B7E10B}.Debug|Any CPU.ActiveCfg = Debug|Any CPU
		{4460F8FF-6067-4287-A891-18FAF8B7E10B}.Debug|Any CPU.Build.0 = Debug|Any CPU
		{4460F8FF-6067-4287-A891-18FAF8B7E10B}.Release|Any CPU.ActiveCfg = Release|Any CPU
		{4460F8FF-6067-4287-A891-18FAF8B7E10B}.Release|Any CPU.Build.0 = Release|Any CPU
		{2AF73621-8F3D-49FA-BF01-4E096FB47D5A}.Debug|Any CPU.ActiveCfg = Debug|Any CPU
		{2AF73621-8F3D-49FA-BF01-4E096FB47D5A}.Debug|Any CPU.Build.0 = Debug|Any CPU
		{2AF73621-8F3D-49FA-BF01-4E096FB47D5A}.Release|Any CPU.ActiveCfg = Release|Any CPU
		{2AF73621-8F3D-49FA-BF01-4E096FB47D5A}.Release|Any CPU.Build.0 = Release|Any CPU
		{8D890596-179A-400B-89A7-BF3547313C17}.Debug|Any CPU.ActiveCfg = Debug|Any CPU
		{8D890596-179A-400B-89A7-BF3547313C17}.Debug|Any CPU.Build.0 = Debug|Any CPU
		{8D890596-179A-400B-89A7-BF3547313C17}.Release|Any CPU.ActiveCfg = Release|Any CPU
		{8D890596-179A-400B-89A7-BF3547313C17}.Release|Any CPU.Build.0 = Release|Any CPU
		{99BF1F46-0DF4-444F-BE30-29325E447588}.Debug|Any CPU.ActiveCfg = Debug|Any CPU
		{99BF1F46-0DF4-444F-BE30-29325E447588}.Debug|Any CPU.Build.0 = Debug|Any CPU
		{99BF1F46-0DF4-444F-BE30-29325E447588}.Release|Any CPU.ActiveCfg = Release|Any CPU
		{99BF1F46-0DF4-444F-BE30-29325E447588}.Release|Any CPU.Build.0 = Release|Any CPU
		{19AA6CFC-B2B4-4A2E-8674-F31F20CAF337}.Debug|Any CPU.ActiveCfg = Debug|Any CPU
		{19AA6CFC-B2B4-4A2E-8674-F31F20CAF337}.Debug|Any CPU.Build.0 = Debug|Any CPU
		{19AA6CFC-B2B4-4A2E-8674-F31F20CAF337}.Release|Any CPU.ActiveCfg = Release|Any CPU
		{19AA6CFC-B2B4-4A2E-8674-F31F20CAF337}.Release|Any CPU.Build.0 = Release|Any CPU
		{418529AD-0EBE-4C19-996B-C777DC99437A}.Debug|Any CPU.ActiveCfg = Debug|Any CPU
		{418529AD-0EBE-4C19-996B-C777DC99437A}.Debug|Any CPU.Build.0 = Debug|Any CPU
		{418529AD-0EBE-4C19-996B-C777DC99437A}.Release|Any CPU.ActiveCfg = Release|Any CPU
		{418529AD-0EBE-4C19-996B-C777DC99437A}.Release|Any CPU.Build.0 = Release|Any CPU
		{97AF8D7A-0293-4129-8DAB-DA118A7BA32E}.Debug|Any CPU.ActiveCfg = Debug|Any CPU
		{97AF8D7A-0293-4129-8DAB-DA118A7BA32E}.Debug|Any CPU.Build.0 = Debug|Any CPU
		{97AF8D7A-0293-4129-8DAB-DA118A7BA32E}.Release|Any CPU.ActiveCfg = Release|Any CPU
		{97AF8D7A-0293-4129-8DAB-DA118A7BA32E}.Release|Any CPU.Build.0 = Release|Any CPU
		{15831E47-BA7E-49D3-BF9B-BDBD8D3E2CE3}.Debug|Any CPU.ActiveCfg = Debug|Any CPU
		{15831E47-BA7E-49D3-BF9B-BDBD8D3E2CE3}.Debug|Any CPU.Build.0 = Debug|Any CPU
		{15831E47-BA7E-49D3-BF9B-BDBD8D3E2CE3}.Release|Any CPU.ActiveCfg = Release|Any CPU
		{15831E47-BA7E-49D3-BF9B-BDBD8D3E2CE3}.Release|Any CPU.Build.0 = Release|Any CPU
	EndGlobalSection
	GlobalSection(NestedProjects) = preSolution
		{4460F8FF-6067-4287-A891-18FAF8B7E10B} = {07A13821-533E-453D-8F35-826BE1DBE552}
		{2AF73621-8F3D-49FA-BF01-4E096FB47D5A} = {07A13821-533E-453D-8F35-826BE1DBE552}
		{8D890596-179A-400B-89A7-BF3547313C17} = {E4EEE905-DE0F-4E86-B09C-31203C6B4516}
		{99BF1F46-0DF4-444F-BE30-29325E447588} = {E4EEE905-DE0F-4E86-B09C-31203C6B4516}
		{19AA6CFC-B2B4-4A2E-8674-F31F20CAF337} = {5E15762F-D432-40BE-8B33-EE459E9F0D2E}
		{418529AD-0EBE-4C19-996B-C777DC99437A} = {5E15762F-D432-40BE-8B33-EE459E9F0D2E}
		{97AF8D7A-0293-4129-8DAB-DA118A7BA32E} = {1BA55B1B-31B8-4319-87F6-1E95EA1ED34C}
		{15831E47-BA7E-49D3-BF9B-BDBD8D3E2CE3} = {1BA55B1B-31B8-4319-87F6-1E95EA1ED34C}
	EndGlobalSection
EndGlobal
